lockfileVersion: '9.0'

settings:
  autoInstallPeers: true
  excludeLinksFromLockfile: false

importers:

  .:
    dependencies:
      chalk:
        specifier: 5.6.0
        version: 5.6.0
      xmldoc:
        specifier: 2.0.2
        version: 2.0.2

packages:

  chalk@5.6.0:
    resolution: {integrity: sha512-46QrSQFyVSEyYAgQ22hQ+zDa60YHA4fBstHmtSApj1Y5vKtG27fWowW03jCk5KcbXEWPZUIR894aARCA/G1kfQ==}
    engines: {node: ^12.17.0 || ^14.13 || >=16.0.0}

  sax@1.4.3:
    resolution: {integrity: sha512-yqYn1JhPczigF94DMS+shiDMjDowYO6y9+wB/4WgO0Y19jWYk0lQ4tuG5KI7kj4FTp1wxPj5IFfcrz/s1c3jjQ==}

  xmldoc@2.0.2:
    resolution: {integrity: sha512-UiRwoSStEXS3R+YE8OqYv3jebza8cBBAI2y8g3B15XFkn3SbEOyyLnmPHjLBPZANrPJKEzxxB7A3XwcLikQVlQ==}
    engines: {node: '>=12.0.0'}

snapshots:

  chalk@5.6.0: {}

  sax@1.4.3: {}

  xmldoc@2.0.2:
    dependencies:
      sax: 1.4.3
